{
  "platform": {
    "version": "0.9.0"
  },
  "entries": [
    {
      "name": "Osysharp.Collaboration",
      "kind": "package",
      "version": "0.1.1",
      "hash": "sha256:f51e3ea987b977c943ae226435085f4be8d9601eb4daac409d4c636a41cef55b",
      "minPlatform": "0.9.0",
      "shadow": "app-forkable",
      "source": "workspace:kits/collaboration",
      "constraint": "0"
    },
    {
      "name": "Osysharp.Identity",
      "kind": "package",
      "version": "0.8.0",
      "hash": "sha256:7fadb5f2628cfd6895c44d2e88725b39055ea36c3a8276b3b345c72a931f4358",
      "minPlatform": "0.9.0",
      "shadow": "app-forkable",
      "source": "workspace:kits/identity",
      "constraint": "0"
    },
    {
      "name": "Osysharp.Observability",
      "kind": "package",
      "version": "1.0.1",
      "hash": "sha256:240f2b9d4a764186a4511669df519ad88399cc771ed87a643089a65ec25778f3",
      "minPlatform": "0.9.0",
      "shadow": "app-forkable",
      "source": "workspace:Platform.Core/Dsl/OsySharp/Baseline/Capabilities/Observability"
    },
    {
      "name": "Osysharp.Ui",
      "kind": "package",
      "version": "2.18.1",
      "hash": "sha256:5dae9b4103cc649967664228cc945c2d8b5bd9ff8d45e62bf9b67d9db079545e",
      "minPlatform": "0.9.0",
      "shadow": "app-forkable",
      "source": "workspace:Platform.Core/Dsl/OsySharp/Baseline/Capabilities/Ui"
    },
    {
      "name": "Osysharp.Inbox",
      "kind": "package",
      "version": "0.21.0",
      "hash": "sha256:4acb0999096d3fa1792fbd9a9e705de3d2924c362d6fcd9edbf7c50870932249",
      "minPlatform": "0.9.0",
      "shadow": "app-forkable",
      "source": "workspace:kits/inbox",
      "constraint": "0"
    },
    {
      "name": "Osysharp.Organizations",
      "kind": "package",
      "version": "0.4.1",
      "hash": "sha256:bf13e6d48846dc47ef642c97b62128ca6f87a1e513972b932c64cd6634c950e1",
      "minPlatform": "0.9.0",
      "shadow": "app-forkable",
      "source": "workspace:kits/organizations",
      "constraint": "0"
    },
    {
      "name": "Osysharp.Organizations.Accounts",
      "kind": "package",
      "version": "0.2.1",
      "hash": "sha256:bef43902c0d941af28f542fd395f5872f6902dd27a3b149259b15454b3308279",
      "minPlatform": "0.9.0",
      "shadow": "app-forkable",
      "source": "workspace:kits/organizations-accounts",
      "constraint": "0"
    },
    {
      "name": "Osysharp.Workflow",
      "kind": "package",
      "version": "1.0.1",
      "hash": "sha256:9f7ccf1f6dbf22b62e551b015333d41c46431491acd812fb626762531e2a97f8",
      "minPlatform": "0.9.0",
      "shadow": "app-forkable",
      "source": "workspace:Platform.Core/Dsl/OsySharp/Baseline/Capabilities/Workflow"
    },
    {
      "name": "Osysharp.ServiceHours",
      "kind": "package",
      "version": "1.0.1",
      "hash": "sha256:90a832068871ca1916ed1ac09ba15187e49610ec6101e5acf1b383915fa5c4f5",
      "minPlatform": "0.9.0",
      "shadow": "app-forkable",
      "source": "workspace:Platform.Core/Dsl/OsySharp/Baseline/Capabilities/ServiceHours"
    },
    {
      "name": "Osysharp.Mail",
      "kind": "package",
      "version": "0.10.0",
      "hash": "sha256:8f40fb4add0b7682298672fd1405173722ac1b587c6739933c5ee92736c01cd9",
      "minPlatform": "0.9.0",
      "shadow": "app-forkable",
      "source": "workspace:kits/mail",
      "constraint": "0"
    },
    {
      "name": "Osysharp.Privacy",
      "kind": "package",
      "version": "0.8.3",
      "hash": "sha256:af1dc2a952716af756026d537831b32f08c4f02bb5df76a260973eb34fa8b5c5",
      "minPlatform": "0.9.0",
      "shadow": "app-forkable",
      "source": "workspace:kits/privacy",
      "constraint": "0"
    },
    {
      "name": "Osysharp.Storage",
      "kind": "package",
      "version": "1.2.1",
      "hash": "sha256:a344786f4417d7005fb72cb752389bc62ae3e8623fb2cce4b3982fc9b3c7699d",
      "minPlatform": "0.9.0",
      "shadow": "app-forkable",
      "source": "workspace:Platform.Core/Dsl/OsySharp/Baseline/Capabilities/Storage"
    }
  ],
  "bridges": {
    "searched": [
      "workspace",
      "platform"
    ],
    "skipped": [
      "github: offline \u2014 the public catalog was not searched for bridges. Run \u0060osy lock\u0060 with a network to look."
    ],
    "notIncluded": [
      {
        "name": "Osysharp.Inbox.Notifications",
        "reason": "completes Osysharp.Inbox \u002B Osysharp.Notifications, and this app does not use \u0060Osysharp.Notifications\u0060."
      },
      {
        "name": "Osysharp.Inbox.Reports",
        "reason": "completes Osysharp.Inbox \u002B Osysharp.Reports, and this app does not use \u0060Osysharp.Reports\u0060."
      },
      {
        "name": "Osysharp.Privacy.Accounts",
        "reason": "completes Osysharp.Privacy \u002B Osysharp.Accounts, and this app does not use \u0060Osysharp.Accounts\u0060."
      },
      {
        "name": "Osysharp.Privacy.Conversations",
        "reason": "completes Osysharp.Privacy \u002B Osysharp.Conversations, and this app does not use \u0060Osysharp.Conversations\u0060."
      },
      {
        "name": "Osysharp.Privacy.Feedback",
        "reason": "completes Osysharp.Privacy \u002B Osysharp.Feedback, and this app does not use \u0060Osysharp.Feedback\u0060."
      },
      {
        "name": "Osysharp.Privacy.Knowledge",
        "reason": "completes Osysharp.Privacy \u002B Osysharp.Knowledge, and this app does not use \u0060Osysharp.Knowledge\u0060."
      },
      {
        "name": "Osysharp.Privacy.MailReceiving",
        "reason": "completes Osysharp.Privacy \u002B Osysharp.Mail.Receiving, and this app does not use \u0060Osysharp.Mail.Receiving\u0060."
      },
      {
        "name": "Osysharp.Privacy.Notifications",
        "reason": "completes Osysharp.Privacy \u002B Osysharp.Notifications, and this app does not use \u0060Osysharp.Notifications\u0060."
      },
      {
        "name": "Osysharp.Privacy.Sms",
        "reason": "completes Osysharp.Privacy \u002B Osysharp.Sms, and this app does not use \u0060Osysharp.Sms\u0060."
      }
    ]
  }
}