{
  "platform": {
    "version": "0.9.0"
  },
  "entries": [
    {
      "name": "Osysharp.Collaboration",
      "kind": "package",
      "version": "0.1.0",
      "hash": "sha256:130e15ac3f30d05a91b64f314d75c8c0d5db54b906df828138b36bf0e0854e39",
      "minPlatform": "0.9.0",
      "shadow": "app-forkable",
      "source": "workspace:kits/collaboration",
      "constraint": "0"
    },
    {
      "name": "Osysharp.Identity",
      "kind": "package",
      "version": "0.7.0",
      "hash": "sha256:a8f780ee024fb27a6c1f909feb86fec10c8a176788acd8546d1380a9243575bd",
      "minPlatform": "0.9.0",
      "shadow": "app-forkable",
      "source": "workspace:kits/identity",
      "constraint": "0"
    },
    {
      "name": "Osysharp.Observability",
      "kind": "package",
      "version": "1.0.0",
      "hash": "sha256:aba8df0c3a7c56cfa752ad731283a5559ba21e6b04909ce580778518fe2f7196",
      "minPlatform": "0.9.0",
      "shadow": "app-forkable",
      "source": "workspace:Platform.Core/Dsl/OsySharp/Baseline/Capabilities/Observability"
    },
    {
      "name": "Osysharp.Ui",
      "kind": "package",
      "version": "2.18.0",
      "hash": "sha256:deccf5a06701c6af9cd880108de9426376c878130251be73adf1210cce94605b",
      "minPlatform": "0.9.0",
      "shadow": "app-forkable",
      "source": "workspace:Platform.Core/Dsl/OsySharp/Baseline/Capabilities/Ui"
    },
    {
      "name": "Osysharp.Inbox",
      "kind": "package",
      "version": "0.20.0",
      "hash": "sha256:25b8429c9eb771406b15d41444346cdc2cc221edb20bec6a1c679a44c488710f",
      "minPlatform": "0.9.0",
      "shadow": "app-forkable",
      "source": "workspace:kits/inbox",
      "constraint": "0"
    },
    {
      "name": "Osysharp.Organizations",
      "kind": "package",
      "version": "0.4.0",
      "hash": "sha256:1e991065df447436ccdd69d2392093c26b4ed4629af7bdfc704f1c6d35e27154",
      "minPlatform": "0.9.0",
      "shadow": "app-forkable",
      "source": "workspace:kits/organizations",
      "constraint": "0"
    },
    {
      "name": "Osysharp.Organizations.Accounts",
      "kind": "package",
      "version": "0.2.0",
      "hash": "sha256:0a9c9ff8bc52380bd1ceca301a38d49650417eab1581814f0146a8eaf770de97",
      "minPlatform": "0.9.0",
      "shadow": "app-forkable",
      "source": "workspace:kits/organizations-accounts",
      "constraint": "0"
    },
    {
      "name": "Osysharp.Workflow",
      "kind": "package",
      "version": "1.0.0",
      "hash": "sha256:c9b5bb60a8be44efc0030d73b0bd60bdab05926344a68fb4db29dc78ee94c2f8",
      "minPlatform": "0.9.0",
      "shadow": "app-forkable",
      "source": "workspace:Platform.Core/Dsl/OsySharp/Baseline/Capabilities/Workflow"
    },
    {
      "name": "Osysharp.ServiceHours",
      "kind": "package",
      "version": "1.0.1",
      "hash": "sha256:90a832068871ca1916ed1ac09ba15187e49610ec6101e5acf1b383915fa5c4f5",
      "minPlatform": "0.9.0",
      "shadow": "app-forkable",
      "source": "workspace:Platform.Core/Dsl/OsySharp/Baseline/Capabilities/ServiceHours"
    },
    {
      "name": "Osysharp.Mail",
      "kind": "package",
      "version": "0.9.0",
      "hash": "sha256:9d881411b8948aae3c06adeb2ebe9cd828d198e07bef0d5c002c83206ca6e013",
      "minPlatform": "0.9.0",
      "shadow": "app-forkable",
      "source": "workspace:kits/mail",
      "constraint": "0"
    },
    {
      "name": "Osysharp.Mail.Receiving",
      "kind": "package",
      "version": "0.4.1",
      "hash": "sha256:5ae187bb43a3b31f0c505e999397d7bd4d1b359c63f95c397d1b7045b2795ca2",
      "minPlatform": "0.9.0",
      "shadow": "app-forkable",
      "source": "workspace:kits/mail-receiving",
      "constraint": "0"
    },
    {
      "name": "Osysharp.Storage",
      "kind": "package",
      "version": "1.2.0",
      "hash": "sha256:0e45268f33acd5a0fe1dae3e886ab1d828824fc628f9a34efa81af746b0f57d0",
      "minPlatform": "0.9.0",
      "shadow": "app-forkable",
      "source": "workspace:Platform.Core/Dsl/OsySharp/Baseline/Capabilities/Storage"
    },
    {
      "name": "Osysharp.Oauth",
      "kind": "package",
      "version": "1.0.0",
      "hash": "sha256:fd5563824db859a8f313637ed6a74f7bcf232b1c18df6f60ea6fd0cd2cad8f1c",
      "minPlatform": "0.9.0",
      "shadow": "app-forkable",
      "source": "workspace:Platform.Core/Dsl/OsySharp/Baseline/Capabilities/Oauth"
    },
    {
      "name": "Osysharp.Privacy",
      "kind": "package",
      "version": "0.8.2",
      "hash": "sha256:207805cb02fd68c2d716d469c516e2e22f7dc9d671e8250841dffb5803a6c0d1",
      "minPlatform": "0.9.0",
      "shadow": "app-forkable",
      "source": "workspace:kits/privacy",
      "constraint": "0"
    },
    {
      "name": "Osysharp.Privacy.MailReceiving",
      "kind": "package",
      "version": "0.2.0",
      "hash": "sha256:f2d1238717a78410fd56feae21a3edbef0eb214f411dd82a3ddedae379f1bb5d",
      "minPlatform": "0.9.0",
      "shadow": "app-forkable",
      "source": "workspace:kits/privacy-mail-receiving",
      "included": "completes Osysharp.Privacy \u002B Osysharp.Mail.Receiving"
    }
  ],
  "bridges": {
    "searched": [
      "workspace",
      "platform"
    ],
    "skipped": [
      "github: offline \u2014 the public catalog was not searched for bridges. Run \u0060osy lock\u0060 with a network to look."
    ],
    "notIncluded": [
      {
        "name": "Osysharp.Conversations.Mail",
        "reason": "completes Osysharp.Conversations \u002B Osysharp.Mail.Receiving, and this app does not use \u0060Osysharp.Conversations\u0060."
      },
      {
        "name": "Osysharp.Inbox.Notifications",
        "reason": "completes Osysharp.Inbox \u002B Osysharp.Notifications, and this app does not use \u0060Osysharp.Notifications\u0060."
      },
      {
        "name": "Osysharp.Inbox.Reports",
        "reason": "completes Osysharp.Inbox \u002B Osysharp.Reports, and this app does not use \u0060Osysharp.Reports\u0060."
      },
      {
        "name": "Osysharp.Privacy.Accounts",
        "reason": "completes Osysharp.Privacy \u002B Osysharp.Accounts, and this app does not use \u0060Osysharp.Accounts\u0060."
      },
      {
        "name": "Osysharp.Privacy.Conversations",
        "reason": "completes Osysharp.Privacy \u002B Osysharp.Conversations, and this app does not use \u0060Osysharp.Conversations\u0060."
      },
      {
        "name": "Osysharp.Privacy.Feedback",
        "reason": "completes Osysharp.Privacy \u002B Osysharp.Feedback, and this app does not use \u0060Osysharp.Feedback\u0060."
      },
      {
        "name": "Osysharp.Privacy.Knowledge",
        "reason": "completes Osysharp.Privacy \u002B Osysharp.Knowledge, and this app does not use \u0060Osysharp.Knowledge\u0060."
      },
      {
        "name": "Osysharp.Privacy.Notifications",
        "reason": "completes Osysharp.Privacy \u002B Osysharp.Notifications, and this app does not use \u0060Osysharp.Notifications\u0060."
      },
      {
        "name": "Osysharp.Privacy.Sms",
        "reason": "completes Osysharp.Privacy \u002B Osysharp.Sms, and this app does not use \u0060Osysharp.Sms\u0060."
      }
    ]
  }
}