{
  "platform": {
    "version": "0.9.0"
  },
  "entries": [
    {
      "name": "Osysharp.Collaboration",
      "kind": "package",
      "version": "0.1.0",
      "hash": "sha256:130e15ac3f30d05a91b64f314d75c8c0d5db54b906df828138b36bf0e0854e39",
      "minPlatform": "0.9.0",
      "shadow": "app-forkable",
      "source": "workspace:kits/collaboration",
      "constraint": "0"
    },
    {
      "name": "Osysharp.Identity",
      "kind": "package",
      "version": "0.7.0",
      "hash": "sha256:a8f780ee024fb27a6c1f909feb86fec10c8a176788acd8546d1380a9243575bd",
      "minPlatform": "0.9.0",
      "shadow": "app-forkable",
      "source": "workspace:kits/identity",
      "constraint": "0"
    },
    {
      "name": "Osysharp.Observability",
      "kind": "package",
      "version": "1.0.0",
      "hash": "sha256:aba8df0c3a7c56cfa752ad731283a5559ba21e6b04909ce580778518fe2f7196",
      "minPlatform": "0.9.0",
      "shadow": "app-forkable",
      "source": "workspace:Platform.Core/Dsl/OsySharp/Baseline/Capabilities/Observability"
    },
    {
      "name": "Osysharp.Ui",
      "kind": "package",
      "version": "2.17.1",
      "hash": "sha256:17d6d844ed71d4d614d43a6993723da70b2d39241c31e9f9fb58250a5183263c",
      "minPlatform": "0.9.0",
      "shadow": "app-forkable",
      "source": "workspace:Platform.Core/Dsl/OsySharp/Baseline/Capabilities/Ui"
    },
    {
      "name": "Osysharp.EmailTemplates",
      "kind": "package",
      "version": "0.1.1",
      "hash": "sha256:3ef5eb08590a6772a073aad43e6bae51b31126fb7ea4ce45f09d64d83200527a",
      "minPlatform": "0.9.0",
      "shadow": "app-forkable",
      "source": "workspace:kits/emailtemplates",
      "constraint": "0"
    },
    {
      "name": "Osysharp.Inbox",
      "kind": "package",
      "version": "0.20.0",
      "hash": "sha256:25b8429c9eb771406b15d41444346cdc2cc221edb20bec6a1c679a44c488710f",
      "minPlatform": "0.9.0",
      "shadow": "app-forkable",
      "source": "workspace:kits/inbox",
      "constraint": "0"
    },
    {
      "name": "Osysharp.Organizations",
      "kind": "package",
      "version": "0.4.0",
      "hash": "sha256:1e991065df447436ccdd69d2392093c26b4ed4629af7bdfc704f1c6d35e27154",
      "minPlatform": "0.9.0",
      "shadow": "app-forkable",
      "source": "workspace:kits/organizations",
      "constraint": "0"
    },
    {
      "name": "Osysharp.Organizations.Accounts",
      "kind": "package",
      "version": "0.2.0",
      "hash": "sha256:0a9c9ff8bc52380bd1ceca301a38d49650417eab1581814f0146a8eaf770de97",
      "minPlatform": "0.9.0",
      "shadow": "app-forkable",
      "source": "workspace:kits/organizations-accounts",
      "constraint": "0"
    },
    {
      "name": "Osysharp.Workflow",
      "kind": "package",
      "version": "1.0.0",
      "hash": "sha256:c9b5bb60a8be44efc0030d73b0bd60bdab05926344a68fb4db29dc78ee94c2f8",
      "minPlatform": "0.9.0",
      "shadow": "app-forkable",
      "source": "workspace:Platform.Core/Dsl/OsySharp/Baseline/Capabilities/Workflow"
    },
    {
      "name": "Osysharp.ServiceHours",
      "kind": "package",
      "version": "1.0.0",
      "hash": "sha256:f5e3ef863f62e47c72a5e5a4e50bfc96d9e41e1ca647b0a82a38272db6d01c67",
      "minPlatform": "0.9.0",
      "shadow": "app-forkable",
      "source": "workspace:Platform.Core/Dsl/OsySharp/Baseline/Capabilities/ServiceHours"
    },
    {
      "name": "Osysharp.Knowledge",
      "kind": "package",
      "version": "0.8.0",
      "hash": "sha256:33b4961a13fd412528b33119c078ef593ac1467797857e30009f7bddba1347b7",
      "minPlatform": "0.9.0",
      "shadow": "app-forkable",
      "source": "workspace:kits/knowledge",
      "constraint": "0"
    },
    {
      "name": "Osysharp.Markdown",
      "kind": "package",
      "version": "1.0.0",
      "hash": "sha256:1d3c26de068b57c2124ae395a3c5891cb99cc75f6304028539ccaf458080d225",
      "minPlatform": "0.9.0",
      "shadow": "app-forkable",
      "source": "workspace:Platform.Core/Dsl/OsySharp/Baseline/Capabilities/Markdown",
      "constraint": "1"
    },
    {
      "name": "Osysharp.MarkdownEditor",
      "kind": "package",
      "version": "1.0.1",
      "hash": "sha256:005db3daf5244c92885318ac97a58b08048e65c815390aa61fc9e36fc8511e66",
      "minPlatform": "0.9.0",
      "shadow": "app-forkable",
      "source": "workspace:kits/markdown",
      "constraint": "1",
      "contractVersion": "1.1"
    },
    {
      "name": "Osysharp.Memory",
      "kind": "package",
      "version": "1.0.0",
      "hash": "sha256:51d3b9a3921ce28952245f6fff3fcb9d4c12dee368cb1b9eedc57c5de2e4825f",
      "minPlatform": "0.9.0",
      "shadow": "app-forkable",
      "source": "workspace:Platform.Core/Dsl/OsySharp/Baseline/Capabilities/Memory"
    },
    {
      "name": "Osysharp.Stemming",
      "kind": "package",
      "version": "0.1.0",
      "hash": "sha256:6d211af8b61b1ee729100f10df8baf329e8f9c6c7316ade49120e12ff688afc0",
      "minPlatform": "0.9.0",
      "shadow": "app-forkable",
      "source": "workspace:kits/stemming",
      "constraint": "0"
    },
    {
      "name": "Osysharp.Seo",
      "kind": "package",
      "version": "0.2.0",
      "hash": "sha256:9e0cab5e4cbbe27973f17c0e9cdfc8e86d8455c4169dbca8df0d0ed15e387c4f",
      "minPlatform": "0.9.0",
      "shadow": "app-forkable",
      "source": "workspace:kits/seo",
      "constraint": "0"
    },
    {
      "name": "Osysharp.Mail",
      "kind": "package",
      "version": "0.9.0",
      "hash": "sha256:9d881411b8948aae3c06adeb2ebe9cd828d198e07bef0d5c002c83206ca6e013",
      "minPlatform": "0.9.0",
      "shadow": "app-forkable",
      "source": "workspace:kits/mail",
      "constraint": "0"
    },
    {
      "name": "Osysharp.Privacy",
      "kind": "package",
      "version": "0.8.2",
      "hash": "sha256:207805cb02fd68c2d716d469c516e2e22f7dc9d671e8250841dffb5803a6c0d1",
      "minPlatform": "0.9.0",
      "shadow": "app-forkable",
      "source": "workspace:kits/privacy",
      "constraint": "0"
    },
    {
      "name": "Osysharp.Storage",
      "kind": "package",
      "version": "1.2.0",
      "hash": "sha256:0e45268f33acd5a0fe1dae3e886ab1d828824fc628f9a34efa81af746b0f57d0",
      "minPlatform": "0.9.0",
      "shadow": "app-forkable",
      "source": "workspace:Platform.Core/Dsl/OsySharp/Baseline/Capabilities/Storage"
    },
    {
      "name": "Osysharp.Privacy.Knowledge",
      "kind": "package",
      "version": "0.1.0",
      "hash": "sha256:07a70d765482c0efa946a4e5d6160742e9a58121de93ebeed690e6cc58a15466",
      "minPlatform": "0.9.0",
      "shadow": "app-forkable",
      "source": "workspace:kits/privacy-knowledge",
      "included": "completes Osysharp.Privacy \u002B Osysharp.Knowledge"
    }
  ],
  "bridges": {
    "searched": [
      "workspace",
      "platform",
      "github"
    ],
    "notIncluded": [
      {
        "name": "Osysharp.Inbox.Notifications",
        "reason": "completes Osysharp.Inbox \u002B Osysharp.Notifications, and this app does not use \u0060Osysharp.Notifications\u0060."
      },
      {
        "name": "Osysharp.Inbox.Reports",
        "reason": "completes Osysharp.Inbox \u002B Osysharp.Reports, and this app does not use \u0060Osysharp.Reports\u0060."
      },
      {
        "name": "Osysharp.Privacy.Accounts",
        "reason": "completes Osysharp.Privacy \u002B Osysharp.Accounts, and this app does not use \u0060Osysharp.Accounts\u0060."
      },
      {
        "name": "Osysharp.Privacy.Conversations",
        "reason": "completes Osysharp.Privacy \u002B Osysharp.Conversations, and this app does not use \u0060Osysharp.Conversations\u0060."
      },
      {
        "name": "Osysharp.Privacy.Feedback",
        "reason": "completes Osysharp.Privacy \u002B Osysharp.Feedback, and this app does not use \u0060Osysharp.Feedback\u0060."
      },
      {
        "name": "Osysharp.Privacy.MailReceiving",
        "reason": "completes Osysharp.Privacy \u002B Osysharp.Mail.Receiving, and this app does not use \u0060Osysharp.Mail.Receiving\u0060."
      },
      {
        "name": "Osysharp.Privacy.Notifications",
        "reason": "completes Osysharp.Privacy \u002B Osysharp.Notifications, and this app does not use \u0060Osysharp.Notifications\u0060."
      },
      {
        "name": "Osysharp.Privacy.Sms",
        "reason": "completes Osysharp.Privacy \u002B Osysharp.Sms, and this app does not use \u0060Osysharp.Sms\u0060."
      }
    ]
  }
}